
Microsoft Visual Studio Solution File, Format Version 12.00
# Visual Studio Version 17
VisualStudioVersion = 17.3.32901.215
MinimumVisualStudioVersion = 10.0.40219.1
Project("{FAE04EC0-301F-11D3-BF4B-00C04F79EFBC}") = "mf-backend", "mf-backend.csproj", "{F39ED327-95A4-4801-B649-AB601A6B09EE}"
EndProject
Global
	GlobalSection(SolutionConfigurationPlatforms) = preSolution
		Debug|Any CPU = Debug|Any CPU
		Release|Any CPU = Release|Any CPU
	EndGlobalSection
	GlobalSection(ProjectConfigurationPlatforms) = postSolution
		{F39ED327-95A4-4801-B649-AB601A6B09EE}.Debug|Any CPU.ActiveCfg = Debug|Any CPU
		{F39ED327-95A4-4801-B649-AB601A6B09EE}.Debug|Any CPU.Build.0 = Debug|Any CPU
		{F39ED327-95A4-4801-B649-AB601A6B09EE}.Release|Any CPU.ActiveCfg = Release|Any CPU
		{F39ED327-95A4-4801-B649-AB601A6B09EE}.Release|Any CPU.Build.0 = Release|Any CPU
	EndGlobalSection
	GlobalSection(SolutionProperties) = preSolution
		HideSolutionNode = FALSE
	EndGlobalSection
	GlobalSection(ExtensibilityGlobals) = postSolution
		SolutionGuid = {D7C1B83F-8F8A-4591-8AA5-D50858D8CCAF}
	EndGlobalSection
EndGlobal
